
Microsoft Visual Studio Solution File, Format Version 12.00
# Visual Studio Version 17
VisualStudioVersion = 17.5.002.0
MinimumVisualStudioVersion = 10.0.40219.1
Project("{9A19103F-16F7-4668-BE54-9A1E7A4F7556}") = "advance-practical-2", "advance-practical-2.csproj", "{E852D2A2-8375-4CE0-8CBA-C3EF902C24B3}"
EndProject
Global
	GlobalSection(SolutionConfigurationPlatforms) = preSolution
		Debug|Any CPU = Debug|Any CPU
		Release|Any CPU = Release|Any CPU
	EndGlobalSection
	GlobalSection(ProjectConfigurationPlatforms) = postSolution
		{E852D2A2-8375-4CE0-8CBA-C3EF902C24B3}.Debug|Any CPU.ActiveCfg = Debug|Any CPU
		{E852D2A2-8375-4CE0-8CBA-C3EF902C24B3}.Debug|Any CPU.Build.0 = Debug|Any CPU
		{E852D2A2-8375-4CE0-8CBA-C3EF902C24B3}.Release|Any CPU.ActiveCfg = Release|Any CPU
		{E852D2A2-8375-4CE0-8CBA-C3EF902C24B3}.Release|Any CPU.Build.0 = Release|Any CPU
	EndGlobalSection
	GlobalSection(SolutionProperties) = preSolution
		HideSolutionNode = FALSE
	EndGlobalSection
	GlobalSection(ExtensibilityGlobals) = postSolution
		SolutionGuid = {2464D358-1378-4988-9BC9-381E4033CCE3}
	EndGlobalSection
EndGlobal
